
Microsoft Visual Studio Solution File, Format Version 12.00
# Visual Studio Version 16
VisualStudioVersion = 16.0.31624.102
MinimumVisualStudioVersion = 10.0.40219.1
Project("{8BC9CEB8-8B4A-11D0-8D11-00A0C91BC942}") = "8,1,4", "8,1,4.vcxproj", "{0BFF3D06-739F-48E5-966C-8D55C7476F74}"
EndProject
Project("{8BC9CEB8-8B4A-11D0-8D11-00A0C91BC942}") = "UnitTest8.1.4", "..\UnitTest8.1.4\UnitTest8.1.4.vcxproj", "{79159711-3DE0-4695-A48B-14442C6A9355}"
EndProject
Global
	GlobalSection(SolutionConfigurationPlatforms) = preSolution
		Debug|x64 = Debug|x64
		Debug|x86 = Debug|x86
		Release|x64 = Release|x64
		Release|x86 = Release|x86
	EndGlobalSection
	GlobalSection(ProjectConfigurationPlatforms) = postSolution
		{0BFF3D06-739F-48E5-966C-8D55C7476F74}.Debug|x64.ActiveCfg = Debug|x64
		{0BFF3D06-739F-48E5-966C-8D55C7476F74}.Debug|x64.Build.0 = Debug|x64
		{0BFF3D06-739F-48E5-966C-8D55C7476F74}.Debug|x86.ActiveCfg = Debug|Win32
		{0BFF3D06-739F-48E5-966C-8D55C7476F74}.Debug|x86.Build.0 = Debug|Win32
		{0BFF3D06-739F-48E5-966C-8D55C7476F74}.Release|x64.ActiveCfg = Release|x64
		{0BFF3D06-739F-48E5-966C-8D55C7476F74}.Release|x64.Build.0 = Release|x64
		{0BFF3D06-739F-48E5-966C-8D55C7476F74}.Release|x86.ActiveCfg = Release|Win32
		{0BFF3D06-739F-48E5-966C-8D55C7476F74}.Release|x86.Build.0 = Release|Win32
		{79159711-3DE0-4695-A48B-14442C6A9355}.Debug|x64.ActiveCfg = Debug|x64
		{79159711-3DE0-4695-A48B-14442C6A9355}.Debug|x64.Build.0 = Debug|x64
		{79159711-3DE0-4695-A48B-14442C6A9355}.Debug|x86.ActiveCfg = Debug|Win32
		{79159711-3DE0-4695-A48B-14442C6A9355}.Debug|x86.Build.0 = Debug|Win32
		{79159711-3DE0-4695-A48B-14442C6A9355}.Release|x64.ActiveCfg = Release|x64
		{79159711-3DE0-4695-A48B-14442C6A9355}.Release|x64.Build.0 = Release|x64
		{79159711-3DE0-4695-A48B-14442C6A9355}.Release|x86.ActiveCfg = Release|Win32
		{79159711-3DE0-4695-A48B-14442C6A9355}.Release|x86.Build.0 = Release|Win32
	EndGlobalSection
	GlobalSection(SolutionProperties) = preSolution
		HideSolutionNode = FALSE
	EndGlobalSection
	GlobalSection(ExtensibilityGlobals) = postSolution
		SolutionGuid = {DBBCB4F0-B004-4158-8602-B948A86C5794}
	EndGlobalSection
EndGlobal
